
Microsoft Visual Studio Solution File, Format Version 12.00
# Visual Studio 2013
VisualStudioVersion = 12.0.31101.0
MinimumVisualStudioVersion = 10.0.40219.1
Project("{FAE04EC0-301F-11D3-BF4B-00C04F79EFBC}") = "ModelBinding", "ModelBinding\ModelBinding.csproj", "{D8EE34CE-5142-4998-8748-0563730FBE2E}"
EndProject
Global
	GlobalSection(SolutionConfigurationPlatforms) = preSolution
		Debug|Any CPU = Debug|Any CPU
		Release|Any CPU = Release|Any CPU
	EndGlobalSection
	GlobalSection(ProjectConfigurationPlatforms) = postSolution
		{D8EE34CE-5142-4998-8748-0563730FBE2E}.Debug|Any CPU.ActiveCfg = Debug|Any CPU
		{D8EE34CE-5142-4998-8748-0563730FBE2E}.Debug|Any CPU.Build.0 = Debug|Any CPU
		{D8EE34CE-5142-4998-8748-0563730FBE2E}.Release|Any CPU.ActiveCfg = Release|Any CPU
		{D8EE34CE-5142-4998-8748-0563730FBE2E}.Release|Any CPU.Build.0 = Release|Any CPU
	EndGlobalSection
	GlobalSection(SolutionProperties) = preSolution
		HideSolutionNode = FALSE
	EndGlobalSection
EndGlobal
